
Microsoft Visual Studio Solution File, Format Version 12.00
# Visual Studio Version 16
VisualStudioVersion = 16.0.30717.126
MinimumVisualStudioVersion = 10.0.40219.1
Project("{9A19103F-16F7-4668-BE54-9A1E7A4F7556}") = "ChristmassCardGenerator", "ChristmassCardGenerator\ChristmassCardGenerator.csproj", "{C400A483-8665-4AF6-B120-D99E72745875}"
EndProject
Project("{9A19103F-16F7-4668-BE54-9A1E7A4F7556}") = "ChristmassCardGenerator.DAL", "ChristmassCardGenerator.DAL\ChristmassCardGenerator.DAL.csproj", "{EE99B6D7-CD51-4863-9776-D46D2EAA7550}"
EndProject
Project("{9A19103F-16F7-4668-BE54-9A1E7A4F7556}") = "ChristmassCardGenerator.Models", "ChristmassCardGenerator.Models\ChristmassCardGenerator.Models.csproj", "{11AE480E-91AD-4D52-815C-217AF24162F7}"
EndProject
Project("{9A19103F-16F7-4668-BE54-9A1E7A4F7556}") = "ChristmassCardGenerator.Services", "ChristmassCardGenerator.Services\ChristmassCardGenerator.Services.csproj", "{8E11E857-5F09-4A96-A8CA-06517AD5AAC7}"
EndProject
Project("{FAE04EC0-301F-11D3-BF4B-00C04F79EFBC}") = "ChristmassCardGenerator.Constants", "ChristmassCardGenerator.Constants\ChristmassCardGenerator.Constants.csproj", "{7DC8A1FE-F2D5-4542-8A4D-7958777807B2}"
EndProject
Global
	GlobalSection(SolutionConfigurationPlatforms) = preSolution
		Debug|Any CPU = Debug|Any CPU
		Release|Any CPU = Release|Any CPU
	EndGlobalSection
	GlobalSection(ProjectConfigurationPlatforms) = postSolution
		{C400A483-8665-4AF6-B120-D99E72745875}.Debug|Any CPU.ActiveCfg = Debug|Any CPU
		{C400A483-8665-4AF6-B120-D99E72745875}.Debug|Any CPU.Build.0 = Debug|Any CPU
		{C400A483-8665-4AF6-B120-D99E72745875}.Release|Any CPU.ActiveCfg = Release|Any CPU
		{C400A483-8665-4AF6-B120-D99E72745875}.Release|Any CPU.Build.0 = Release|Any CPU
		{EE99B6D7-CD51-4863-9776-D46D2EAA7550}.Debug|Any CPU.ActiveCfg = Debug|Any CPU
		{EE99B6D7-CD51-4863-9776-D46D2EAA7550}.Debug|Any CPU.Build.0 = Debug|Any CPU
		{EE99B6D7-CD51-4863-9776-D46D2EAA7550}.Release|Any CPU.ActiveCfg = Release|Any CPU
		{EE99B6D7-CD51-4863-9776-D46D2EAA7550}.Release|Any CPU.Build.0 = Release|Any CPU
		{11AE480E-91AD-4D52-815C-217AF24162F7}.Debug|Any CPU.ActiveCfg = Debug|Any CPU
		{11AE480E-91AD-4D52-815C-217AF24162F7}.Debug|Any CPU.Build.0 = Debug|Any CPU
		{11AE480E-91AD-4D52-815C-217AF24162F7}.Release|Any CPU.ActiveCfg = Release|Any CPU
		{11AE480E-91AD-4D52-815C-217AF24162F7}.Release|Any CPU.Build.0 = Release|Any CPU
		{8E11E857-5F09-4A96-A8CA-06517AD5AAC7}.Debug|Any CPU.ActiveCfg = Debug|Any CPU
		{8E11E857-5F09-4A96-A8CA-06517AD5AAC7}.Debug|Any CPU.Build.0 = Debug|Any CPU
		{8E11E857-5F09-4A96-A8CA-06517AD5AAC7}.Release|Any CPU.ActiveCfg = Release|Any CPU
		{8E11E857-5F09-4A96-A8CA-06517AD5AAC7}.Release|Any CPU.Build.0 = Release|Any CPU
		{7DC8A1FE-F2D5-4542-8A4D-7958777807B2}.Debug|Any CPU.ActiveCfg = Debug|Any CPU
		{7DC8A1FE-F2D5-4542-8A4D-7958777807B2}.Debug|Any CPU.Build.0 = Debug|Any CPU
		{7DC8A1FE-F2D5-4542-8A4D-7958777807B2}.Release|Any CPU.ActiveCfg = Release|Any CPU
		{7DC8A1FE-F2D5-4542-8A4D-7958777807B2}.Release|Any CPU.Build.0 = Release|Any CPU
	EndGlobalSection
	GlobalSection(SolutionProperties) = preSolution
		HideSolutionNode = FALSE
	EndGlobalSection
	GlobalSection(ExtensibilityGlobals) = postSolution
		SolutionGuid = {970EEA2A-1721-40EC-95FC-E30B3EBF6900}
	EndGlobalSection
EndGlobal
